
Microsoft Visual Studio Solution File, Format Version 11.00
# Visual Studio 2010
Project("{FAE04EC0-301F-11D3-BF4B-00C04F79EFBC}") = "DateTime", "DateTime\DateTime.csproj", "{77DB9B42-544D-4830-AAB3-94D0898D157C}"
EndProject
Global
	GlobalSection(SolutionConfigurationPlatforms) = preSolution
		Debug|x86 = Debug|x86
		Release|x86 = Release|x86
	EndGlobalSection
	GlobalSection(ProjectConfigurationPlatforms) = postSolution
		{77DB9B42-544D-4830-AAB3-94D0898D157C}.Debug|x86.ActiveCfg = Debug|x86
		{77DB9B42-544D-4830-AAB3-94D0898D157C}.Debug|x86.Build.0 = Debug|x86
		{77DB9B42-544D-4830-AAB3-94D0898D157C}.Release|x86.ActiveCfg = Release|x86
		{77DB9B42-544D-4830-AAB3-94D0898D157C}.Release|x86.Build.0 = Release|x86
	EndGlobalSection
	GlobalSection(SolutionProperties) = preSolution
		HideSolutionNode = FALSE
	EndGlobalSection
EndGlobal
